// !$*UTF8*$!
{
	archiveVersion = 1;
	classes = {
	};
	objectVersion = 51;
	objects = {

/* Begin PBXBuildFile section */
		092CD7F11D08417EF4CCD385 /* Pods_NowMovie.framework in Frameworks */ = {isa = PBXBuildFile; fileRef = B02661F83B71B09A61F4A376 /* Pods_NowMovie.framework */; };
		2C0BE1E2250E16CD000DEB73 /* AppDelegate.swift in Sources */ = {isa = PBXBuildFile; fileRef = 2C0BE1E1250E16CD000DEB73 /* AppDelegate.swift */; };
		2C0BE1E4250E16CD000DEB73 /* SceneDelegate.swift in Sources */ = {isa = PBXBuildFile; fileRef = 2C0BE1E3250E16CD000DEB73 /* SceneDelegate.swift */; };
		2C0BE1EB250E16CF000DEB73 /* Assets.xcassets in Resources */ = {isa = PBXBuildFile; fileRef = 2C0BE1EA250E16CF000DEB73 /* Assets.xcassets */; };
		2C0BE1EE250E16CF000DEB73 /* LaunchScreen.storyboard in Resources */ = {isa = PBXBuildFile; fileRef = 2C0BE1EC250E16CF000DEB73 /* LaunchScreen.storyboard */; };
		2C0BE1FC250E17B8000DEB73 /* MovieListVC.swift in Sources */ = {isa = PBXBuildFile; fileRef = 2C0BE1FB250E17B8000DEB73 /* MovieListVC.swift */; };
		2C0BE1FE250E17C6000DEB73 /* MovieDetailVC.swift in Sources */ = {isa = PBXBuildFile; fileRef = 2C0BE1FD250E17C6000DEB73 /* MovieDetailVC.swift */; };
		2C0BE200250E18B3000DEB73 /* MovieTypeVC.swift in Sources */ = {isa = PBXBuildFile; fileRef = 2C0BE1FF250E18B3000DEB73 /* MovieTypeVC.swift */; };
		2C0BE202250E18CA000DEB73 /* MovieService.swift in Sources */ = {isa = PBXBuildFile; fileRef = 2C0BE201250E18CA000DEB73 /* MovieService.swift */; };
		2C0BE205250E190B000DEB73 /* Extensions.swift in Sources */ = {isa = PBXBuildFile; fileRef = 2C0BE204250E190B000DEB73 /* Extensions.swift */; };
		2C0BE209250E1C63000DEB73 /* Main.storyboard in Resources */ = {isa = PBXBuildFile; fileRef = 2C0BE207250E1C63000DEB73 /* Main.storyboard */; };
		2C0BE20D250E369A000DEB73 /* MovieDetailVM.swift in Sources */ = {isa = PBXBuildFile; fileRef = 2C0BE20C250E369A000DEB73 /* MovieDetailVM.swift */; };
		2C0BE211250E3715000DEB73 /* Movie.swift in Sources */ = {isa = PBXBuildFile; fileRef = 2C0BE210250E3715000DEB73 /* Movie.swift */; };
		2C0BE213250E63E8000DEB73 /* MovieListVM.swift in Sources */ = {isa = PBXBuildFile; fileRef = 2C0BE212250E63E8000DEB73 /* MovieListVM.swift */; };
		2C0BE215250E6922000DEB73 /* MovieListCell.swift in Sources */ = {isa = PBXBuildFile; fileRef = 2C0BE214250E6922000DEB73 /* MovieListCell.swift */; };
		2C65C4492587B5440021C2B2 /* MovieTypeVM.swift in Sources */ = {isa = PBXBuildFile; fileRef = 2C65C4482587B5440021C2B2 /* MovieTypeVM.swift */; };
		2C67E321258A423700BE5FC1 /* waiting.json in Resources */ = {isa = PBXBuildFile; fileRef = 2C67E320258A423700BE5FC1 /* waiting.json */; };
		2CADFA9A25110569004A831C /* MovieSearchVC.swift in Sources */ = {isa = PBXBuildFile; fileRef = 2CADFA9925110569004A831C /* MovieSearchVC.swift */; };
		2CADFA9F251106A8004A831C /* MovieSearchVM.swift in Sources */ = {isa = PBXBuildFile; fileRef = 2CADFA9E251106A8004A831C /* MovieSearchVM.swift */; };
		37A527F79C0AEE0173B401DC /* Pods_NowMovie_NowMovieUnitTests.framework in Frameworks */ = {isa = PBXBuildFile; fileRef = D36A42A5DB94FD0BCDA61604 /* Pods_NowMovie_NowMovieUnitTests.framework */; };
		3D107D10DAA230FB5B328EB9 /* Pods_NowMovie_NowMovieUITests.framework in Frameworks */ = {isa = PBXBuildFile; fileRef = 74E3ABAC21C4929A528A617B /* Pods_NowMovie_NowMovieUITests.framework */; };
		BA478B7725884B5C00294832 /* Test1.swift in Sources */ = {isa = PBXBuildFile; fileRef = BA478B7625884B5C00294832 /* Test1.swift */; };
		BA478B7F25884BBB00294832 /* UnitTest1.swift in Sources */ = {isa = PBXBuildFile; fileRef = BA478B7E25884BBB00294832 /* UnitTest1.swift */; };
		BA478BD22588AC8100294832 /* movie.json in Resources */ = {isa = PBXBuildFile; fileRef = BA478BD12588AC8100294832 /* movie.json */; };
		BA478BDF2588ADE100294832 /* love.json in Resources */ = {isa = PBXBuildFile; fileRef = BA478BDE2588ADE100294832 /* love.json */; };
		BA5CEF0725403B8800C802DD /* Cast.swift in Sources */ = {isa = PBXBuildFile; fileRef = BA5CEF0625403B8800C802DD /* Cast.swift */; };
		BA84F5C42522C157004BDC7F /* MovieDetailHeader.swift in Sources */ = {isa = PBXBuildFile; fileRef = BA84F5C32522C157004BDC7F /* MovieDetailHeader.swift */; };
		BA84F5C92522CD4A004BDC7F /* MovieDetailCell.swift in Sources */ = {isa = PBXBuildFile; fileRef = BA84F5C82522CD4A004BDC7F /* MovieDetailCell.swift */; };
		BA84F5D825230BA3004BDC7F /* QueryLink.swift in Sources */ = {isa = PBXBuildFile; fileRef = BA84F5D725230BA3004BDC7F /* QueryLink.swift */; };
		BA961E152510538500311268 /* FirstScreen.swift in Sources */ = {isa = PBXBuildFile; fileRef = BA961E142510538500311268 /* FirstScreen.swift */; };
		BADB7B38253E74B200EBC311 /* Reachability.swift in Sources */ = {isa = PBXBuildFile; fileRef = BADB7B37253E74B200EBC311 /* Reachability.swift */; };
		BADB7B5B253E81C500EBC311 /* InternetConnectErrorHandling.storyboard in Resources */ = {isa = PBXBuildFile; fileRef = BADB7B5A253E81C500EBC311 /* InternetConnectErrorHandling.storyboard */; };
		BADB7B63253E81F100EBC311 /* InternetConnectErrorHandling.swift in Sources */ = {isa = PBXBuildFile; fileRef = BADB7B62253E81F100EBC311 /* InternetConnectErrorHandling.swift */; };
		BADB7B68253E88AC00EBC311 /* NetworkHandling.swift in Sources */ = {isa = PBXBuildFile; fileRef = BADB7B67253E88AC00EBC311 /* NetworkHandling.swift */; };
		BADB7B6D253EBB9B00EBC311 /* MovieDetail.swift in Sources */ = {isa = PBXBuildFile; fileRef = BADB7B6C253EBB9B00EBC311 /* MovieDetail.swift */; };
/* End PBXBuildFile section */

/* Begin PBXContainerItemProxy section */
		BA478B562588494A00294832 /* PBXContainerItemProxy */ = {
			isa = PBXContainerItemProxy;
			containerPortal = 2C0BE1D6250E16CD000DEB73 /* Project object */;
			proxyType = 1;
			remoteGlobalIDString = 2C0BE1DD250E16CD000DEB73;
			remoteInfo = NowMovie;
		};
		BAF342562513307300F51F4C /* PBXContainerItemProxy */ = {
			isa = PBXContainerItemProxy;
			containerPortal = 2C0BE1D6250E16CD000DEB73 /* Project object */;
			proxyType = 1;
			remoteGlobalIDString = 2C0BE1DD250E16CD000DEB73;
			remoteInfo = NowMovie;
		};
/* End PBXContainerItemProxy section */

/* Begin PBXFileReference section */
		035C730559A2F1E2920B5B06 /* Pods-NowMovie-NowMovieTests.debug.xcconfig */ = {isa = PBXFileReference; includeInIndex = 1; lastKnownFileType = text.xcconfig; name = "Pods-NowMovie-NowMovieTests.debug.xcconfig"; path = "Target Support Files/Pods-NowMovie-NowMovieTests/Pods-NowMovie-NowMovieTests.debug.xcconfig"; sourceTree = "<group>"; };
		217C8166B2DCD445BF8B255E /* Pods-NowMovie.debug.xcconfig */ = {isa = PBXFileReference; includeInIndex = 1; lastKnownFileType = text.xcconfig; name = "Pods-NowMovie.debug.xcconfig"; path = "Target Support Files/Pods-NowMovie/Pods-NowMovie.debug.xcconfig"; sourceTree = "<group>"; };
		27D4F897B7476B9CBB8ACC8A /* Pods_NowMovie_NowMovieTests.framework */ = {isa = PBXFileReference; explicitFileType = wrapper.framework; includeInIndex = 0; path = Pods_NowMovie_NowMovieTests.framework; sourceTree = BUILT_PRODUCTS_DIR; };
		2C0BE1DE250E16CD000DEB73 /* NowMovie.app */ = {isa = PBXFileReference; explicitFileType = wrapper.application; includeInIndex = 0; path = NowMovie.app; sourceTree = BUILT_PRODUCTS_DIR; };
		2C0BE1E1250E16CD000DEB73 /* AppDelegate.swift */ = {isa = PBXFileReference; lastKnownFileType = sourcecode.swift; path = AppDelegate.swift; sourceTree = "<group>"; };
		2C0BE1E3250E16CD000DEB73 /* SceneDelegate.swift */ = {isa = PBXFileReference; lastKnownFileType = sourcecode.swift; path = SceneDelegate.swift; sourceTree = "<group>"; };
		2C0BE1EA250E16CF000DEB73 /* Assets.xcassets */ = {isa = PBXFileReference; lastKnownFileType = folder.assetcatalog; path = Assets.xcassets; sourceTree = "<group>"; };
		2C0BE1ED250E16CF000DEB73 /* Base */ = {isa = PBXFileReference; lastKnownFileType = file.storyboard; name = Base; path = Base.lproj/LaunchScreen.storyboard; sourceTree = "<group>"; };
		2C0BE1EF250E16CF000DEB73 /* Info.plist */ = {isa = PBXFileReference; lastKnownFileType = text.plist.xml; name = Info.plist; path = NowMovie/Commons/Info.plist; sourceTree = SOURCE_ROOT; };
		2C0BE1FB250E17B8000DEB73 /* MovieListVC.swift */ = {isa = PBXFileReference; lastKnownFileType = sourcecode.swift; path = MovieListVC.swift; sourceTree = "<group>"; };
		2C0BE1FD250E17C6000DEB73 /* MovieDetailVC.swift */ = {isa = PBXFileReference; lastKnownFileType = sourcecode.swift; path = MovieDetailVC.swift; sourceTree = "<group>"; };
		2C0BE1FF250E18B3000DEB73 /* MovieTypeVC.swift */ = {isa = PBXFileReference; lastKnownFileType = sourcecode.swift; path = MovieTypeVC.swift; sourceTree = "<group>"; };
		2C0BE201250E18CA000DEB73 /* MovieService.swift */ = {isa = PBXFileReference; lastKnownFileType = sourcecode.swift; path = MovieService.swift; sourceTree = "<group>"; };
		2C0BE204250E190B000DEB73 /* Extensions.swift */ = {isa = PBXFileReference; lastKnownFileType = sourcecode.swift; path = Extensions.swift; sourceTree = "<group>"; };
		2C0BE208250E1C63000DEB73 /* Base */ = {isa = PBXFileReference; lastKnownFileType = file.storyboard; name = Base; path = Base.lproj/Main.storyboard; sourceTree = "<group>"; };
		2C0BE20C250E369A000DEB73 /* MovieDetailVM.swift */ = {isa = PBXFileReference; lastKnownFileType = sourcecode.swift; path = MovieDetailVM.swift; sourceTree = "<group>"; };
		2C0BE210250E3715000DEB73 /* Movie.swift */ = {isa = PBXFileReference; lastKnownFileType = sourcecode.swift; path = Movie.swift; sourceTree = "<group>"; };
		2C0BE212250E63E8000DEB73 /* MovieListVM.swift */ = {isa = PBXFileReference; lastKnownFileType = sourcecode.swift; path = MovieListVM.swift; sourceTree = "<group>"; };
		2C0BE214250E6922000DEB73 /* MovieListCell.swift */ = {isa = PBXFileReference; lastKnownFileType = sourcecode.swift; path = MovieListCell.swift; sourceTree = "<group>"; };
		2C65C4482587B5440021C2B2 /* MovieTypeVM.swift */ = {isa = PBXFileReference; lastKnownFileType = sourcecode.swift; path = MovieTypeVM.swift; sourceTree = "<group>"; };
		2C67E320258A423700BE5FC1 /* waiting.json */ = {isa = PBXFileReference; fileEncoding = 4; lastKnownFileType = text.json; path = waiting.json; sourceTree = "<group>"; };
		2CADFA9925110569004A831C /* MovieSearchVC.swift */ = {isa = PBXFileReference; lastKnownFileType = sourcecode.swift; path = MovieSearchVC.swift; sourceTree = "<group>"; };
		2CADFA9E251106A8004A831C /* MovieSearchVM.swift */ = {isa = PBXFileReference; lastKnownFileType = sourcecode.swift; path = MovieSearchVM.swift; sourceTree = "<group>"; };
		43B983067D63BA6B1C844BEF /* Pods-NowMovie-NowMovieTests.release.xcconfig */ = {isa = PBXFileReference; includeInIndex = 1; lastKnownFileType = text.xcconfig; name = "Pods-NowMovie-NowMovieTests.release.xcconfig"; path = "Target Support Files/Pods-NowMovie-NowMovieTests/Pods-NowMovie-NowMovieTests.release.xcconfig"; sourceTree = "<group>"; };
		74E3ABAC21C4929A528A617B /* Pods_NowMovie_NowMovieUITests.framework */ = {isa = PBXFileReference; explicitFileType = wrapper.framework; includeInIndex = 0; path = Pods_NowMovie_NowMovieUITests.framework; sourceTree = BUILT_PRODUCTS_DIR; };
		89604435DB9098910BC29449 /* Pods-NowMovie-NowMovieUITests.debug.xcconfig */ = {isa = PBXFileReference; includeInIndex = 1; lastKnownFileType = text.xcconfig; name = "Pods-NowMovie-NowMovieUITests.debug.xcconfig"; path = "Target Support Files/Pods-NowMovie-NowMovieUITests/Pods-NowMovie-NowMovieUITests.debug.xcconfig"; sourceTree = "<group>"; };
		8FC69311E4D5B0937D73E2F9 /* Pods-NowMovie.release.xcconfig */ = {isa = PBXFileReference; includeInIndex = 1; lastKnownFileType = text.xcconfig; name = "Pods-NowMovie.release.xcconfig"; path = "Target Support Files/Pods-NowMovie/Pods-NowMovie.release.xcconfig"; sourceTree = "<group>"; };
		A7EE03CF277FD0E52C860CCD /* Pods-NowMovie-NowMovieUnitTests.debug.xcconfig */ = {isa = PBXFileReference; includeInIndex = 1; lastKnownFileType = text.xcconfig; name = "Pods-NowMovie-NowMovieUnitTests.debug.xcconfig"; path = "Target Support Files/Pods-NowMovie-NowMovieUnitTests/Pods-NowMovie-NowMovieUnitTests.debug.xcconfig"; sourceTree = "<group>"; };
		B02661F83B71B09A61F4A376 /* Pods_NowMovie.framework */ = {isa = PBXFileReference; explicitFileType = wrapper.framework; includeInIndex = 0; path = Pods_NowMovie.framework; sourceTree = BUILT_PRODUCTS_DIR; };
		BA478B512588494A00294832 /* NowMovieUnitTests.xctest */ = {isa = PBXFileReference; explicitFileType = wrapper.cfbundle; includeInIndex = 0; path = NowMovieUnitTests.xctest; sourceTree = BUILT_PRODUCTS_DIR; };
		BA478B552588494A00294832 /* Info.plist */ = {isa = PBXFileReference; lastKnownFileType = text.plist.xml; path = Info.plist; sourceTree = "<group>"; };
		BA478B7625884B5C00294832 /* Test1.swift */ = {isa = PBXFileReference; lastKnownFileType = sourcecode.swift; path = Test1.swift; sourceTree = SOURCE_ROOT; };
		BA478B7E25884BBB00294832 /* UnitTest1.swift */ = {isa = PBXFileReference; lastKnownFileType = sourcecode.swift; path = UnitTest1.swift; sourceTree = SOURCE_ROOT; };
		BA478BD12588AC8100294832 /* movie.json */ = {isa = PBXFileReference; fileEncoding = 4; lastKnownFileType = text.json; path = movie.json; sourceTree = "<group>"; };
		BA478BDE2588ADE100294832 /* love.json */ = {isa = PBXFileReference; fileEncoding = 4; lastKnownFileType = text.json; path = love.json; sourceTree = "<group>"; };
		BA5CEF0625403B8800C802DD /* Cast.swift */ = {isa = PBXFileReference; lastKnownFileType = sourcecode.swift; path = Cast.swift; sourceTree = "<group>"; };
		BA84F5C32522C157004BDC7F /* MovieDetailHeader.swift */ = {isa = PBXFileReference; lastKnownFileType = sourcecode.swift; path = MovieDetailHeader.swift; sourceTree = "<group>"; };
		BA84F5C82522CD4A004BDC7F /* MovieDetailCell.swift */ = {isa = PBXFileReference; lastKnownFileType = sourcecode.swift; path = MovieDetailCell.swift; sourceTree = "<group>"; };
		BA84F5D725230BA3004BDC7F /* QueryLink.swift */ = {isa = PBXFileReference; lastKnownFileType = sourcecode.swift; path = QueryLink.swift; sourceTree = "<group>"; };
		BA961E142510538500311268 /* FirstScreen.swift */ = {isa = PBXFileReference; lastKnownFileType = sourcecode.swift; path = FirstScreen.swift; sourceTree = "<group>"; };
		BADB7B37253E74B200EBC311 /* Reachability.swift */ = {isa = PBXFileReference; fileEncoding = 4; lastKnownFileType = sourcecode.swift; path = Reachability.swift; sourceTree = "<group>"; };
		BADB7B5A253E81C500EBC311 /* InternetConnectErrorHandling.storyboard */ = {isa = PBXFileReference; lastKnownFileType = file.storyboard; path = InternetConnectErrorHandling.storyboard; sourceTree = "<group>"; };
		BADB7B62253E81F100EBC311 /* InternetConnectErrorHandling.swift */ = {isa = PBXFileReference; lastKnownFileType = sourcecode.swift; path = InternetConnectErrorHandling.swift; sourceTree = "<group>"; };
		BADB7B67253E88AC00EBC311 /* NetworkHandling.swift */ = {isa = PBXFileReference; lastKnownFileType = sourcecode.swift; path = NetworkHandling.swift; sourceTree = "<group>"; };
		BADB7B6C253EBB9B00EBC311 /* MovieDetail.swift */ = {isa = PBXFileReference; lastKnownFileType = sourcecode.swift; path = MovieDetail.swift; sourceTree = "<group>"; };
		BAF342512513307300F51F4C /* NowMovieUITests.xctest */ = {isa = PBXFileReference; explicitFileType = wrapper.cfbundle; includeInIndex = 0; path = NowMovieUITests.xctest; sourceTree = BUILT_PRODUCTS_DIR; };
		BAF342552513307300F51F4C /* Info.plist */ = {isa = PBXFileReference; lastKnownFileType = text.plist.xml; path = Info.plist; sourceTree = "<group>"; };
		D36A42A5DB94FD0BCDA61604 /* Pods_NowMovie_NowMovieUnitTests.framework */ = {isa = PBXFileReference; explicitFileType = wrapper.framework; includeInIndex = 0; path = Pods_NowMovie_NowMovieUnitTests.framework; sourceTree = BUILT_PRODUCTS_DIR; };
		D46410CA66952C26A0187477 /* Pods-NowMovie-NowMovieUITests.release.xcconfig */ = {isa = PBXFileReference; includeInIndex = 1; lastKnownFileType = text.xcconfig; name = "Pods-NowMovie-NowMovieUITests.release.xcconfig"; path = "Target Support Files/Pods-NowMovie-NowMovieUITests/Pods-NowMovie-NowMovieUITests.release.xcconfig"; sourceTree = "<group>"; };
		FF10664FEBC43A454F4B84D6 /* Pods-NowMovie-NowMovieUnitTests.release.xcconfig */ = {isa = PBXFileReference; includeInIndex = 1; lastKnownFileType = text.xcconfig; name = "Pods-NowMovie-NowMovieUnitTests.release.xcconfig"; path = "Target Support Files/Pods-NowMovie-NowMovieUnitTests/Pods-NowMovie-NowMovieUnitTests.release.xcconfig"; sourceTree = "<group>"; };
/* End PBXFileReference section */

/* Begin PBXFrameworksBuildPhase section */
		2C0BE1DB250E16CD000DEB73 /* Frameworks */ = {
			isa = PBXFrameworksBuildPhase;
			buildActionMask = 2147483647;
			files = (
				092CD7F11D08417EF4CCD385 /* Pods_NowMovie.framework in Frameworks */,
			);
			runOnlyForDeploymentPostprocessing = 0;
		};
		BA478B4E2588494A00294832 /* Frameworks */ = {
			isa = PBXFrameworksBuildPhase;
			buildActionMask = 2147483647;
			files = (
				37A527F79C0AEE0173B401DC /* Pods_NowMovie_NowMovieUnitTests.framework in Frameworks */,
			);
			runOnlyForDeploymentPostprocessing = 0;
		};
		BAF3424E2513307300F51F4C /* Frameworks */ = {
			isa = PBXFrameworksBuildPhase;
			buildActionMask = 2147483647;
			files = (
				3D107D10DAA230FB5B328EB9 /* Pods_NowMovie_NowMovieUITests.framework in Frameworks */,
			);
			runOnlyForDeploymentPostprocessing = 0;
		};
/* End PBXFrameworksBuildPhase section */

/* Begin PBXGroup section */
		2C0BE1D5250E16CD000DEB73 = {
			isa = PBXGroup;
			children = (
				2C0BE1E0250E16CD000DEB73 /* NowMovie */,
				BAF342522513307300F51F4C /* NowMovieUITests */,
				BA478B522588494A00294832 /* NowMovieUnitTests */,
				2C0BE1DF250E16CD000DEB73 /* Products */,
				836861DFEEE667866BCD9D01 /* Pods */,
				D554BB98165E5C7CEC482D23 /* Frameworks */,
			);
			sourceTree = "<group>";
		};
		2C0BE1DF250E16CD000DEB73 /* Products */ = {
			isa = PBXGroup;
			children = (
				2C0BE1DE250E16CD000DEB73 /* NowMovie.app */,
				BAF342512513307300F51F4C /* NowMovieUITests.xctest */,
				BA478B512588494A00294832 /* NowMovieUnitTests.xctest */,
			);
			name = Products;
			sourceTree = "<group>";
		};
		2C0BE1E0250E16CD000DEB73 /* NowMovie */ = {
			isa = PBXGroup;
			children = (
				BA478BBC25889C6600294832 /* Animation */,
				2C0BE1F8250E172E000DEB73 /* Models */,
				2C0BE1F6250E1706000DEB73 /* Controllers */,
				2CADFAA025110718004A831C /* CustomView */,
				2C0BE1F7250E171F000DEB73 /* Services */,
				2C0BE203250E18DF000DEB73 /* Utilities */,
				2C0BE206250E1963000DEB73 /* Commons */,
			);
			path = NowMovie;
			sourceTree = "<group>";
		};
		2C0BE1F6250E1706000DEB73 /* Controllers */ = {
			isa = PBXGroup;
			children = (
				BA961E142510538500311268 /* FirstScreen.swift */,
				2CADFA9B25110587004A831C /* MovieList */,
				BADB7B50253E80B100EBC311 /* MovieTypes */,
				2CADFA9C25110601004A831C /* MovieDetail */,
				2CADFA9D25110665004A831C /* MovieSearch */,
			);
			path = Controllers;
			sourceTree = "<group>";
		};
		2C0BE1F7250E171F000DEB73 /* Services */ = {
			isa = PBXGroup;
			children = (
				BADB7B37253E74B200EBC311 /* Reachability.swift */,
				2C0BE201250E18CA000DEB73 /* MovieService.swift */,
				BA84F5D725230BA3004BDC7F /* QueryLink.swift */,
				BADB7B67253E88AC00EBC311 /* NetworkHandling.swift */,
			);
			path = Services;
			sourceTree = "<group>";
		};
		2C0BE1F8250E172E000DEB73 /* Models */ = {
			isa = PBXGroup;
			children = (
				2C0BE210250E3715000DEB73 /* Movie.swift */,
				BADB7B6C253EBB9B00EBC311 /* MovieDetail.swift */,
				BA5CEF0625403B8800C802DD /* Cast.swift */,
			);
			path = Models;
			sourceTree = "<group>";
		};
		2C0BE203250E18DF000DEB73 /* Utilities */ = {
			isa = PBXGroup;
			children = (
				2C0BE204250E190B000DEB73 /* Extensions.swift */,
				BADB7B5A253E81C500EBC311 /* InternetConnectErrorHandling.storyboard */,
				BADB7B62253E81F100EBC311 /* InternetConnectErrorHandling.swift */,
			);
			path = Utilities;
			sourceTree = "<group>";
		};
		2C0BE206250E1963000DEB73 /* Commons */ = {
			isa = PBXGroup;
			children = (
				2C0BE207250E1C63000DEB73 /* Main.storyboard */,
				2C0BE1E1250E16CD000DEB73 /* AppDelegate.swift */,
				2C0BE1E3250E16CD000DEB73 /* SceneDelegate.swift */,
				2C0BE1EA250E16CF000DEB73 /* Assets.xcassets */,
				2C0BE1EC250E16CF000DEB73 /* LaunchScreen.storyboard */,
				2C0BE1EF250E16CF000DEB73 /* Info.plist */,
			);
			path = Commons;
			sourceTree = "<group>";
		};
		2CADFA9B25110587004A831C /* MovieList */ = {
			isa = PBXGroup;
			children = (
				2C0BE1FB250E17B8000DEB73 /* MovieListVC.swift */,
				2C0BE212250E63E8000DEB73 /* MovieListVM.swift */,
			);
			path = MovieList;
			sourceTree = "<group>";
		};
		2CADFA9C25110601004A831C /* MovieDetail */ = {
			isa = PBXGroup;
			children = (
				2C0BE1FD250E17C6000DEB73 /* MovieDetailVC.swift */,
				2C0BE20C250E369A000DEB73 /* MovieDetailVM.swift */,
				BA84F5C32522C157004BDC7F /* MovieDetailHeader.swift */,
				BA84F5C82522CD4A004BDC7F /* MovieDetailCell.swift */,
			);
			path = MovieDetail;
			sourceTree = "<group>";
		};
		2CADFA9D25110665004A831C /* MovieSearch */ = {
			isa = PBXGroup;
			children = (
				2CADFA9925110569004A831C /* MovieSearchVC.swift */,
				2CADFA9E251106A8004A831C /* MovieSearchVM.swift */,
			);
			path = MovieSearch;
			sourceTree = "<group>";
		};
		2CADFAA025110718004A831C /* CustomView */ = {
			isa = PBXGroup;
			children = (
				2C0BE214250E6922000DEB73 /* MovieListCell.swift */,
			);
			path = CustomView;
			sourceTree = "<group>";
		};
		836861DFEEE667866BCD9D01 /* Pods */ = {
			isa = PBXGroup;
			children = (
				217C8166B2DCD445BF8B255E /* Pods-NowMovie.debug.xcconfig */,
				8FC69311E4D5B0937D73E2F9 /* Pods-NowMovie.release.xcconfig */,
				035C730559A2F1E2920B5B06 /* Pods-NowMovie-NowMovieTests.debug.xcconfig */,
				43B983067D63BA6B1C844BEF /* Pods-NowMovie-NowMovieTests.release.xcconfig */,
				89604435DB9098910BC29449 /* Pods-NowMovie-NowMovieUITests.debug.xcconfig */,
				D46410CA66952C26A0187477 /* Pods-NowMovie-NowMovieUITests.release.xcconfig */,
				A7EE03CF277FD0E52C860CCD /* Pods-NowMovie-NowMovieUnitTests.debug.xcconfig */,
				FF10664FEBC43A454F4B84D6 /* Pods-NowMovie-NowMovieUnitTests.release.xcconfig */,
			);
			path = Pods;
			sourceTree = "<group>";
		};
		BA478B522588494A00294832 /* NowMovieUnitTests */ = {
			isa = PBXGroup;
			children = (
				BA478B7E25884BBB00294832 /* UnitTest1.swift */,
				BA478B552588494A00294832 /* Info.plist */,
			);
			path = NowMovieUnitTests;
			sourceTree = "<group>";
		};
		BA478BBC25889C6600294832 /* Animation */ = {
			isa = PBXGroup;
			children = (
				2C67E320258A423700BE5FC1 /* waiting.json */,
				BA478BDE2588ADE100294832 /* love.json */,
				BA478BD12588AC8100294832 /* movie.json */,
			);
			path = Animation;
			sourceTree = "<group>";
		};
		BADB7B50253E80B100EBC311 /* MovieTypes */ = {
			isa = PBXGroup;
			children = (
				2C0BE1FF250E18B3000DEB73 /* MovieTypeVC.swift */,
				2C65C4482587B5440021C2B2 /* MovieTypeVM.swift */,
			);
			path = MovieTypes;
			sourceTree = "<group>";
		};
		BAF342522513307300F51F4C /* NowMovieUITests */ = {
			isa = PBXGroup;
			children = (
				BA478B7625884B5C00294832 /* Test1.swift */,
				BAF342552513307300F51F4C /* Info.plist */,
			);
			path = NowMovieUITests;
			sourceTree = "<group>";
		};
		D554BB98165E5C7CEC482D23 /* Frameworks */ = {
			isa = PBXGroup;
			children = (
				B02661F83B71B09A61F4A376 /* Pods_NowMovie.framework */,
				27D4F897B7476B9CBB8ACC8A /* Pods_NowMovie_NowMovieTests.framework */,
				74E3ABAC21C4929A528A617B /* Pods_NowMovie_NowMovieUITests.framework */,
				D36A42A5DB94FD0BCDA61604 /* Pods_NowMovie_NowMovieUnitTests.framework */,
			);
			name = Frameworks;
			sourceTree = "<group>";
		};
/* End PBXGroup section */

/* Begin PBXNativeTarget section */
		2C0BE1DD250E16CD000DEB73 /* NowMovie */ = {
			isa = PBXNativeTarget;
			buildConfigurationList = 2C0BE1F2250E16CF000DEB73 /* Build configuration list for PBXNativeTarget "NowMovie" */;
			buildPhases = (
				C8111AC462AEB23981C613A3 /* [CP] Check Pods Manifest.lock */,
				2C0BE1DA250E16CD000DEB73 /* Sources */,
				2C0BE1DB250E16CD000DEB73 /* Frameworks */,
				2C0BE1DC250E16CD000DEB73 /* Resources */,
				0E2334ED0E01858A50DBD668 /* [CP] Embed Pods Frameworks */,
			);
			buildRules = (
			);
			dependencies = (
			);
			name = NowMovie;
			productName = NowMovie;
			productReference = 2C0BE1DE250E16CD000DEB73 /* NowMovie.app */;
			productType = "com.apple.product-type.application";
		};
		BA478B502588494A00294832 /* NowMovieUnitTests */ = {
			isa = PBXNativeTarget;
			buildConfigurationList = BA478B582588494A00294832 /* Build configuration list for PBXNativeTarget "NowMovieUnitTests" */;
			buildPhases = (
				629D9A70E63486D5A17C6681 /* [CP] Check Pods Manifest.lock */,
				BA478B4D2588494A00294832 /* Sources */,
				BA478B4E2588494A00294832 /* Frameworks */,
				BA478B4F2588494A00294832 /* Resources */,
				DAC8D8F64B49D5B482601FCF /* [CP] Embed Pods Frameworks */,
			);
			buildRules = (
			);
			dependencies = (
				BA478B572588494A00294832 /* PBXTargetDependency */,
			);
			name = NowMovieUnitTests;
			productName = NowMovieUnitTests;
			productReference = BA478B512588494A00294832 /* NowMovieUnitTests.xctest */;
			productType = "com.apple.product-type.bundle.unit-test";
		};
		BAF342502513307300F51F4C /* NowMovieUITests */ = {
			isa = PBXNativeTarget;
			buildConfigurationList = BAF342582513307300F51F4C /* Build configuration list for PBXNativeTarget "NowMovieUITests" */;
			buildPhases = (
				8630E7EFB5F60498F5E98FDC /* [CP] Check Pods Manifest.lock */,
				BAF3424D2513307300F51F4C /* Sources */,
				BAF3424E2513307300F51F4C /* Frameworks */,
				BAF3424F2513307300F51F4C /* Resources */,
				B86E0264512A2E5DF07B8E6D /* [CP] Embed Pods Frameworks */,
			);
			buildRules = (
			);
			dependencies = (
				BAF342572513307300F51F4C /* PBXTargetDependency */,
			);
			name = NowMovieUITests;
			productName = NowMovieUITests;
			productReference = BAF342512513307300F51F4C /* NowMovieUITests.xctest */;
			productType = "com.apple.product-type.bundle.ui-testing";
		};
/* End PBXNativeTarget section */

/* Begin PBXProject section */
		2C0BE1D6250E16CD000DEB73 /* Project object */ = {
			isa = PBXProject;
			attributes = {
				LastSwiftUpdateCheck = 1200;
				LastUpgradeCheck = 1200;
				ORGANIZATIONNAME = trungnghia;
				TargetAttributes = {
					2C0BE1DD250E16CD000DEB73 = {
						CreatedOnToolsVersion = 11.6;
					};
					BA478B502588494A00294832 = {
						CreatedOnToolsVersion = 12.0.1;
						LastSwiftMigration = 1200;
						TestTargetID = 2C0BE1DD250E16CD000DEB73;
					};
					BAF342502513307300F51F4C = {
						CreatedOnToolsVersion = 11.7;
						LastSwiftMigration = 1200;
						TestTargetID = 2C0BE1DD250E16CD000DEB73;
					};
				};
			};
			buildConfigurationList = 2C0BE1D9250E16CD000DEB73 /* Build configuration list for PBXProject "NowMovie" */;
			compatibilityVersion = "Xcode 9.3";
			developmentRegion = en;
			hasScannedForEncodings = 0;
			knownRegions = (
				en,
				Base,
			);
			mainGroup = 2C0BE1D5250E16CD000DEB73;
			productRefGroup = 2C0BE1DF250E16CD000DEB73 /* Products */;
			projectDirPath = "";
			projectRoot = "";
			targets = (
				2C0BE1DD250E16CD000DEB73 /* NowMovie */,
				BAF342502513307300F51F4C /* NowMovieUITests */,
				BA478B502588494A00294832 /* NowMovieUnitTests */,
			);
		};
/* End PBXProject section */

/* Begin PBXResourcesBuildPhase section */
		2C0BE1DC250E16CD000DEB73 /* Resources */ = {
			isa = PBXResourcesBuildPhase;
			buildActionMask = 2147483647;
			files = (
				BA478BDF2588ADE100294832 /* love.json in Resources */,
				BADB7B5B253E81C500EBC311 /* InternetConnectErrorHandling.storyboard in Resources */,
				BA478BD22588AC8100294832 /* movie.json in Resources */,
				2C67E321258A423700BE5FC1 /* waiting.json in Resources */,
				2C0BE209250E1C63000DEB73 /* Main.storyboard in Resources */,
				2C0BE1EE250E16CF000DEB73 /* LaunchScreen.storyboard in Resources */,
				2C0BE1EB250E16CF000DEB73 /* Assets.xcassets in Resources */,
			);
			runOnlyForDeploymentPostprocessing = 0;
		};
		BA478B4F2588494A00294832 /* Resources */ = {
			isa = PBXResourcesBuildPhase;
			buildActionMask = 2147483647;
			files = (
			);
			runOnlyForDeploymentPostprocessing = 0;
		};
		BAF3424F2513307300F51F4C /* Resources */ = {
			isa = PBXResourcesBuildPhase;
			buildActionMask = 2147483647;
			files = (
			);
			runOnlyForDeploymentPostprocessing = 0;
		};
/* End PBXResourcesBuildPhase section */

/* Begin PBXShellScriptBuildPhase section */
		0E2334ED0E01858A50DBD668 /* [CP] Embed Pods Frameworks */ = {
			isa = PBXShellScriptBuildPhase;
			buildActionMask = 2147483647;
			files = (
			);
			inputFileListPaths = (
				"${PODS_ROOT}/Target Support Files/Pods-NowMovie/Pods-NowMovie-frameworks-${CONFIGURATION}-input-files.xcfilelist",
			);
			name = "[CP] Embed Pods Frameworks";
			outputFileListPaths = (
				"${PODS_ROOT}/Target Support Files/Pods-NowMovie/Pods-NowMovie-frameworks-${CONFIGURATION}-output-files.xcfilelist",
			);
			runOnlyForDeploymentPostprocessing = 0;
			shellPath = /bin/sh;
			shellScript = "\"${PODS_ROOT}/Target Support Files/Pods-NowMovie/Pods-NowMovie-frameworks.sh\"\n";
			showEnvVarsInLog = 0;
		};
		629D9A70E63486D5A17C6681 /* [CP] Check Pods Manifest.lock */ = {
			isa = PBXShellScriptBuildPhase;
			buildActionMask = 2147483647;
			files = (
			);
			inputFileListPaths = (
			);
			inputPaths = (
				"${PODS_PODFILE_DIR_PATH}/Podfile.lock",
				"${PODS_ROOT}/Manifest.lock",
			);
			name = "[CP] Check Pods Manifest.lock";
			outputFileListPaths = (
			);
			outputPaths = (
				"$(DERIVED_FILE_DIR)/Pods-NowMovie-NowMovieUnitTests-checkManifestLockResult.txt",
			);
			runOnlyForDeploymentPostprocessing = 0;
			shellPath = /bin/sh;
			shellScript = "diff \"${PODS_PODFILE_DIR_PATH}/Podfile.lock\" \"${PODS_ROOT}/Manifest.lock\" > /dev/null\nif [ $? != 0 ] ; then\n    # print error to STDERR\n    echo \"error: The sandbox is not in sync with the Podfile.lock. Run 'pod install' or update your CocoaPods installation.\" >&2\n    exit 1\nfi\n# This output is used by Xcode 'outputs' to avoid re-running this script phase.\necho \"SUCCESS\" > \"${SCRIPT_OUTPUT_FILE_0}\"\n";
			showEnvVarsInLog = 0;
		};
		8630E7EFB5F60498F5E98FDC /* [CP] Check Pods Manifest.lock */ = {
			isa = PBXShellScriptBuildPhase;
			buildActionMask = 2147483647;
			files = (
			);
			inputFileListPaths = (
			);
			inputPaths = (
				"${PODS_PODFILE_DIR_PATH}/Podfile.lock",
				"${PODS_ROOT}/Manifest.lock",
			);
			name = "[CP] Check Pods Manifest.lock";
			outputFileListPaths = (
			);
			outputPaths = (
				"$(DERIVED_FILE_DIR)/Pods-NowMovie-NowMovieUITests-checkManifestLockResult.txt",
			);
			runOnlyForDeploymentPostprocessing = 0;
			shellPath = /bin/sh;
			shellScript = "diff \"${PODS_PODFILE_DIR_PATH}/Podfile.lock\" \"${PODS_ROOT}/Manifest.lock\" > /dev/null\nif [ $? != 0 ] ; then\n    # print error to STDERR\n    echo \"error: The sandbox is not in sync with the Podfile.lock. Run 'pod install' or update your CocoaPods installation.\" >&2\n    exit 1\nfi\n# This output is used by Xcode 'outputs' to avoid re-running this script phase.\necho \"SUCCESS\" > \"${SCRIPT_OUTPUT_FILE_0}\"\n";
			showEnvVarsInLog = 0;
		};
		B86E0264512A2E5DF07B8E6D /* [CP] Embed Pods Frameworks */ = {
			isa = PBXShellScriptBuildPhase;
			buildActionMask = 2147483647;
			files = (
			);
			inputFileListPaths = (
				"${PODS_ROOT}/Target Support Files/Pods-NowMovie-NowMovieUITests/Pods-NowMovie-NowMovieUITests-frameworks-${CONFIGURATION}-input-files.xcfilelist",
			);
			name = "[CP] Embed Pods Frameworks";
			outputFileListPaths = (
				"${PODS_ROOT}/Target Support Files/Pods-NowMovie-NowMovieUITests/Pods-NowMovie-NowMovieUITests-frameworks-${CONFIGURATION}-output-files.xcfilelist",
			);
			runOnlyForDeploymentPostprocessing = 0;
			shellPath = /bin/sh;
			shellScript = "\"${PODS_ROOT}/Target Support Files/Pods-NowMovie-NowMovieUITests/Pods-NowMovie-NowMovieUITests-frameworks.sh\"\n";
			showEnvVarsInLog = 0;
		};
		C8111AC462AEB23981C613A3 /* [CP] Check Pods Manifest.lock */ = {
			isa = PBXShellScriptBuildPhase;
			buildActionMask = 2147483647;
			files = (
			);
			inputFileListPaths = (
			);
			inputPaths = (
				"${PODS_PODFILE_DIR_PATH}/Podfile.lock",
				"${PODS_ROOT}/Manifest.lock",
			);
			name = "[CP] Check Pods Manifest.lock";
			outputFileListPaths = (
			);
			outputPaths = (
				"$(DERIVED_FILE_DIR)/Pods-NowMovie-checkManifestLockResult.txt",
			);
			runOnlyForDeploymentPostprocessing = 0;
			shellPath = /bin/sh;
			shellScript = "diff \"${PODS_PODFILE_DIR_PATH}/Podfile.lock\" \"${PODS_ROOT}/Manifest.lock\" > /dev/null\nif [ $? != 0 ] ; then\n    # print error to STDERR\n    echo \"error: The sandbox is not in sync with the Podfile.lock. Run 'pod install' or update your CocoaPods installation.\" >&2\n    exit 1\nfi\n# This output is used by Xcode 'outputs' to avoid re-running this script phase.\necho \"SUCCESS\" > \"${SCRIPT_OUTPUT_FILE_0}\"\n";
			showEnvVarsInLog = 0;
		};
		DAC8D8F64B49D5B482601FCF /* [CP] Embed Pods Frameworks */ = {
			isa = PBXShellScriptBuildPhase;
			buildActionMask = 2147483647;
			files = (
			);
			inputFileListPaths = (
				"${PODS_ROOT}/Target Support Files/Pods-NowMovie-NowMovieUnitTests/Pods-NowMovie-NowMovieUnitTests-frameworks-${CONFIGURATION}-input-files.xcfilelist",
			);
			name = "[CP] Embed Pods Frameworks";
			outputFileListPaths = (
				"${PODS_ROOT}/Target Support Files/Pods-NowMovie-NowMovieUnitTests/Pods-NowMovie-NowMovieUnitTests-frameworks-${CONFIGURATION}-output-files.xcfilelist",
			);
			runOnlyForDeploymentPostprocessing = 0;
			shellPath = /bin/sh;
			shellScript = "\"${PODS_ROOT}/Target Support Files/Pods-NowMovie-NowMovieUnitTests/Pods-NowMovie-NowMovieUnitTests-frameworks.sh\"\n";
			showEnvVarsInLog = 0;
		};
/* End PBXShellScriptBuildPhase section */

/* Begin PBXSourcesBuildPhase section */
		2C0BE1DA250E16CD000DEB73 /* Sources */ = {
			isa = PBXSourcesBuildPhase;
			buildActionMask = 2147483647;
			files = (
				2C0BE215250E6922000DEB73 /* MovieListCell.swift in Sources */,
				2C0BE211250E3715000DEB73 /* Movie.swift in Sources */,
				BADB7B38253E74B200EBC311 /* Reachability.swift in Sources */,
				2C0BE200250E18B3000DEB73 /* MovieTypeVC.swift in Sources */,
				BA84F5D825230BA3004BDC7F /* QueryLink.swift in Sources */,
				BA84F5C92522CD4A004BDC7F /* MovieDetailCell.swift in Sources */,
				2CADFA9A25110569004A831C /* MovieSearchVC.swift in Sources */,
				BADB7B68253E88AC00EBC311 /* NetworkHandling.swift in Sources */,
				2C65C4492587B5440021C2B2 /* MovieTypeVM.swift in Sources */,
				BA5CEF0725403B8800C802DD /* Cast.swift in Sources */,
				2C0BE1E2250E16CD000DEB73 /* AppDelegate.swift in Sources */,
				2C0BE1FE250E17C6000DEB73 /* MovieDetailVC.swift in Sources */,
				BADB7B63253E81F100EBC311 /* InternetConnectErrorHandling.swift in Sources */,
				2C0BE202250E18CA000DEB73 /* MovieService.swift in Sources */,
				2C0BE20D250E369A000DEB73 /* MovieDetailVM.swift in Sources */,
				2C0BE1FC250E17B8000DEB73 /* MovieListVC.swift in Sources */,
				2C0BE1E4250E16CD000DEB73 /* SceneDelegate.swift in Sources */,
				BADB7B6D253EBB9B00EBC311 /* MovieDetail.swift in Sources */,
				2C0BE205250E190B000DEB73 /* Extensions.swift in Sources */,
				2CADFA9F251106A8004A831C /* MovieSearchVM.swift in Sources */,
				2C0BE213250E63E8000DEB73 /* MovieListVM.swift in Sources */,
				BA961E152510538500311268 /* FirstScreen.swift in Sources */,
				BA84F5C42522C157004BDC7F /* MovieDetailHeader.swift in Sources */,
			);
			runOnlyForDeploymentPostprocessing = 0;
		};
		BA478B4D2588494A00294832 /* Sources */ = {
			isa = PBXSourcesBuildPhase;
			buildActionMask = 2147483647;
			files = (
				BA478B7F25884BBB00294832 /* UnitTest1.swift in Sources */,
			);
			runOnlyForDeploymentPostprocessing = 0;
		};
		BAF3424D2513307300F51F4C /* Sources */ = {
			isa = PBXSourcesBuildPhase;
			buildActionMask = 2147483647;
			files = (
				BA478B7725884B5C00294832 /* Test1.swift in Sources */,
			);
			runOnlyForDeploymentPostprocessing = 0;
		};
/* End PBXSourcesBuildPhase section */

/* Begin PBXTargetDependency section */
		BA478B572588494A00294832 /* PBXTargetDependency */ = {
			isa = PBXTargetDependency;
			target = 2C0BE1DD250E16CD000DEB73 /* NowMovie */;
			targetProxy = BA478B562588494A00294832 /* PBXContainerItemProxy */;
		};
		BAF342572513307300F51F4C /* PBXTargetDependency */ = {
			isa = PBXTargetDependency;
			target = 2C0BE1DD250E16CD000DEB73 /* NowMovie */;
			targetProxy = BAF342562513307300F51F4C /* PBXContainerItemProxy */;
		};
/* End PBXTargetDependency section */

/* Begin PBXVariantGroup section */
		2C0BE1EC250E16CF000DEB73 /* LaunchScreen.storyboard */ = {
			isa = PBXVariantGroup;
			children = (
				2C0BE1ED250E16CF000DEB73 /* Base */,
			);
			name = LaunchScreen.storyboard;
			sourceTree = "<group>";
		};
		2C0BE207250E1C63000DEB73 /* Main.storyboard */ = {
			isa = PBXVariantGroup;
			children = (
				2C0BE208250E1C63000DEB73 /* Base */,
			);
			name = Main.storyboard;
			sourceTree = "<group>";
		};
/* End PBXVariantGroup section */

/* Begin XCBuildConfiguration section */
		2C0BE1F0250E16CF000DEB73 /* Debug */ = {
			isa = XCBuildConfiguration;
			buildSettings = {
				ALWAYS_SEARCH_USER_PATHS = NO;
				CLANG_ANALYZER_NONNULL = YES;
				CLANG_ANALYZER_NUMBER_OBJECT_CONVERSION = YES_AGGRESSIVE;
				CLANG_CXX_LANGUAGE_STANDARD = "gnu++14";
				CLANG_CXX_LIBRARY = "libc++";
				CLANG_ENABLE_MODULES = YES;
				CLANG_ENABLE_OBJC_ARC = YES;
				CLANG_ENABLE_OBJC_WEAK = YES;
				CLANG_WARN_BLOCK_CAPTURE_AUTORELEASING = YES;
				CLANG_WARN_BOOL_CONVERSION = YES;
				CLANG_WARN_COMMA = YES;
				CLANG_WARN_CONSTANT_CONVERSION = YES;
				CLANG_WARN_DEPRECATED_OBJC_IMPLEMENTATIONS = YES;
				CLANG_WARN_DIRECT_OBJC_ISA_USAGE = YES_ERROR;
				CLANG_WARN_DOCUMENTATION_COMMENTS = YES;
				CLANG_WARN_EMPTY_BODY = YES;
				CLANG_WARN_ENUM_CONVERSION = YES;
				CLANG_WARN_INFINITE_RECURSION = YES;
				CLANG_WARN_INT_CONVERSION = YES;
				CLANG_WARN_NON_LITERAL_NULL_CONVERSION = YES;
				CLANG_WARN_OBJC_IMPLICIT_RETAIN_SELF = YES;
				CLANG_WARN_OBJC_LITERAL_CONVERSION = YES;
				CLANG_WARN_OBJC_ROOT_CLASS = YES_ERROR;
				CLANG_WARN_QUOTED_INCLUDE_IN_FRAMEWORK_HEADER = YES;
				CLANG_WARN_RANGE_LOOP_ANALYSIS = YES;
				CLANG_WARN_STRICT_PROTOTYPES = YES;
				CLANG_WARN_SUSPICIOUS_MOVE = YES;
				CLANG_WARN_UNGUARDED_AVAILABILITY = YES_AGGRESSIVE;
				CLANG_WARN_UNREACHABLE_CODE = YES;
				CLANG_WARN__DUPLICATE_METHOD_MATCH = YES;
				COPY_PHASE_STRIP = NO;
				DEBUG_INFORMATION_FORMAT = dwarf;
				ENABLE_STRICT_OBJC_MSGSEND = YES;
				ENABLE_TESTABILITY = YES;
				GCC_C_LANGUAGE_STANDARD = gnu11;
				GCC_DYNAMIC_NO_PIC = NO;
				GCC_NO_COMMON_BLOCKS = YES;
				GCC_OPTIMIZATION_LEVEL = 0;
				GCC_PREPROCESSOR_DEFINITIONS = (
					"DEBUG=1",
					"$(inherited)",
				);
				GCC_WARN_64_TO_32_BIT_CONVERSION = YES;
				GCC_WARN_ABOUT_RETURN_TYPE = YES_ERROR;
				GCC_WARN_UNDECLARED_SELECTOR = YES;
				GCC_WARN_UNINITIALIZED_AUTOS = YES_AGGRESSIVE;
				GCC_WARN_UNUSED_FUNCTION = YES;
				GCC_WARN_UNUSED_VARIABLE = YES;
				IPHONEOS_DEPLOYMENT_TARGET = 13.0;
				MTL_ENABLE_DEBUG_INFO = INCLUDE_SOURCE;
				MTL_FAST_MATH = YES;
				ONLY_ACTIVE_ARCH = YES;
				SDKROOT = iphoneos;
				SWIFT_ACTIVE_COMPILATION_CONDITIONS = DEBUG;
				SWIFT_OPTIMIZATION_LEVEL = "-Onone";
			};
			name = Debug;
		};
		2C0BE1F1250E16CF000DEB73 /* Release */ = {
			isa = XCBuildConfiguration;
			buildSettings = {
				ALWAYS_SEARCH_USER_PATHS = NO;
				CLANG_ANALYZER_NONNULL = YES;
				CLANG_ANALYZER_NUMBER_OBJECT_CONVERSION = YES_AGGRESSIVE;
				CLANG_CXX_LANGUAGE_STANDARD = "gnu++14";
				CLANG_CXX_LIBRARY = "libc++";
				CLANG_ENABLE_MODULES = YES;
				CLANG_ENABLE_OBJC_ARC = YES;
				CLANG_ENABLE_OBJC_WEAK = YES;
				CLANG_WARN_BLOCK_CAPTURE_AUTORELEASING = YES;
				CLANG_WARN_BOOL_CONVERSION = YES;
				CLANG_WARN_COMMA = YES;
				CLANG_WARN_CONSTANT_CONVERSION = YES;
				CLANG_WARN_DEPRECATED_OBJC_IMPLEMENTATIONS = YES;
				CLANG_WARN_DIRECT_OBJC_ISA_USAGE = YES_ERROR;
				CLANG_WARN_DOCUMENTATION_COMMENTS = YES;
				CLANG_WARN_EMPTY_BODY = YES;
				CLANG_WARN_ENUM_CONVERSION = YES;
				CLANG_WARN_INFINITE_RECURSION = YES;
				CLANG_WARN_INT_CONVERSION = YES;
				CLANG_WARN_NON_LITERAL_NULL_CONVERSION = YES;
				CLANG_WARN_OBJC_IMPLICIT_RETAIN_SELF = YES;
				CLANG_WARN_OBJC_LITERAL_CONVERSION = YES;
				CLANG_WARN_OBJC_ROOT_CLASS = YES_ERROR;
				CLANG_WARN_QUOTED_INCLUDE_IN_FRAMEWORK_HEADER = YES;
				CLANG_WARN_RANGE_LOOP_ANALYSIS = YES;
				CLANG_WARN_STRICT_PROTOTYPES = YES;
				CLANG_WARN_SUSPICIOUS_MOVE = YES;
				CLANG_WARN_UNGUARDED_AVAILABILITY = YES_AGGRESSIVE;
				CLANG_WARN_UNREACHABLE_CODE = YES;
				CLANG_WARN__DUPLICATE_METHOD_MATCH = YES;
				COPY_PHASE_STRIP = NO;
				DEBUG_INFORMATION_FORMAT = "dwarf-with-dsym";
				ENABLE_NS_ASSERTIONS = NO;
				ENABLE_STRICT_OBJC_MSGSEND = YES;
				GCC_C_LANGUAGE_STANDARD = gnu11;
				GCC_NO_COMMON_BLOCKS = YES;
				GCC_WARN_64_TO_32_BIT_CONVERSION = YES;
				GCC_WARN_ABOUT_RETURN_TYPE = YES_ERROR;
				GCC_WARN_UNDECLARED_SELECTOR = YES;
				GCC_WARN_UNINITIALIZED_AUTOS = YES_AGGRESSIVE;
				GCC_WARN_UNUSED_FUNCTION = YES;
				GCC_WARN_UNUSED_VARIABLE = YES;
				IPHONEOS_DEPLOYMENT_TARGET = 13.0;
				MTL_ENABLE_DEBUG_INFO = NO;
				MTL_FAST_MATH = YES;
				SDKROOT = iphoneos;
				SWIFT_COMPILATION_MODE = wholemodule;
				SWIFT_OPTIMIZATION_LEVEL = "-O";
				VALIDATE_PRODUCT = YES;
			};
			name = Release;
		};
		2C0BE1F3250E16CF000DEB73 /* Debug */ = {
			isa = XCBuildConfiguration;
			baseConfigurationReference = 217C8166B2DCD445BF8B255E /* Pods-NowMovie.debug.xcconfig */;
			buildSettings = {
				ASSETCATALOG_COMPILER_APPICON_NAME = AppIcon;
				CODE_SIGN_STYLE = Automatic;
				DEVELOPMENT_TEAM = A6799ZJFEN;
				INFOPLIST_FILE = NowMovie/Commons/Info.plist;
				LD_RUNPATH_SEARCH_PATHS = (
					"$(inherited)",
					"@executable_path/Frameworks",
				);
				PRODUCT_BUNDLE_IDENTIFIER = com.trungnghia2020.NowMovie;
				PRODUCT_NAME = "$(TARGET_NAME)";
				SWIFT_VERSION = 5.0;
				TARGETED_DEVICE_FAMILY = "1,2";
			};
			name = Debug;
		};
		2C0BE1F4250E16CF000DEB73 /* Release */ = {
			isa = XCBuildConfiguration;
			baseConfigurationReference = 8FC69311E4D5B0937D73E2F9 /* Pods-NowMovie.release.xcconfig */;
			buildSettings = {
				ASSETCATALOG_COMPILER_APPICON_NAME = AppIcon;
				CODE_SIGN_STYLE = Automatic;
				DEVELOPMENT_TEAM = A6799ZJFEN;
				INFOPLIST_FILE = NowMovie/Commons/Info.plist;
				LD_RUNPATH_SEARCH_PATHS = (
					"$(inherited)",
					"@executable_path/Frameworks",
				);
				PRODUCT_BUNDLE_IDENTIFIER = com.trungnghia2020.NowMovie;
				PRODUCT_NAME = "$(TARGET_NAME)";
				SWIFT_VERSION = 5.0;
				TARGETED_DEVICE_FAMILY = "1,2";
			};
			name = Release;
		};
		BA478B592588494A00294832 /* Debug */ = {
			isa = XCBuildConfiguration;
			baseConfigurationReference = A7EE03CF277FD0E52C860CCD /* Pods-NowMovie-NowMovieUnitTests.debug.xcconfig */;
			buildSettings = {
				BUNDLE_LOADER = "$(TEST_HOST)";
				CLANG_ENABLE_MODULES = YES;
				CODE_SIGN_STYLE = Automatic;
				DEVELOPMENT_TEAM = K7QW447H59;
				INFOPLIST_FILE = NowMovieUnitTests/Info.plist;
				IPHONEOS_DEPLOYMENT_TARGET = 14.0;
				LD_RUNPATH_SEARCH_PATHS = (
					"$(inherited)",
					"@executable_path/Frameworks",
					"@loader_path/Frameworks",
				);
				PRODUCT_BUNDLE_IDENTIFIER = nghiaTran2020.com.NowMovieUnitTests;
				PRODUCT_NAME = "$(TARGET_NAME)";
				SWIFT_OPTIMIZATION_LEVEL = "-Onone";
				SWIFT_VERSION = 5.0;
				TARGETED_DEVICE_FAMILY = "1,2";
				TEST_HOST = "$(BUILT_PRODUCTS_DIR)/NowMovie.app/NowMovie";
			};
			name = Debug;
		};
		BA478B5A2588494A00294832 /* Release */ = {
			isa = XCBuildConfiguration;
			baseConfigurationReference = FF10664FEBC43A454F4B84D6 /* Pods-NowMovie-NowMovieUnitTests.release.xcconfig */;
			buildSettings = {
				BUNDLE_LOADER = "$(TEST_HOST)";
				CLANG_ENABLE_MODULES = YES;
				CODE_SIGN_STYLE = Automatic;
				DEVELOPMENT_TEAM = K7QW447H59;
				INFOPLIST_FILE = NowMovieUnitTests/Info.plist;
				IPHONEOS_DEPLOYMENT_TARGET = 14.0;
				LD_RUNPATH_SEARCH_PATHS = (
					"$(inherited)",
					"@executable_path/Frameworks",
					"@loader_path/Frameworks",
				);
				PRODUCT_BUNDLE_IDENTIFIER = nghiaTran2020.com.NowMovieUnitTests;
				PRODUCT_NAME = "$(TARGET_NAME)";
				SWIFT_VERSION = 5.0;
				TARGETED_DEVICE_FAMILY = "1,2";
				TEST_HOST = "$(BUILT_PRODUCTS_DIR)/NowMovie.app/NowMovie";
			};
			name = Release;
		};
		BAF342592513307300F51F4C /* Debug */ = {
			isa = XCBuildConfiguration;
			baseConfigurationReference = 89604435DB9098910BC29449 /* Pods-NowMovie-NowMovieUITests.debug.xcconfig */;
			buildSettings = {
				CLANG_ENABLE_MODULES = YES;
				CODE_SIGN_STYLE = Automatic;
				INFOPLIST_FILE = NowMovieUITests/Info.plist;
				IPHONEOS_DEPLOYMENT_TARGET = 13.7;
				LD_RUNPATH_SEARCH_PATHS = (
					"$(inherited)",
					"@executable_path/Frameworks",
					"@loader_path/Frameworks",
				);
				PRODUCT_BUNDLE_IDENTIFIER = nghiaTran2020.com.NowMovieUITests;
				PRODUCT_NAME = "$(TARGET_NAME)";
				SWIFT_OPTIMIZATION_LEVEL = "-Onone";
				SWIFT_VERSION = 5.0;
				TARGETED_DEVICE_FAMILY = "1,2";
				TEST_TARGET_NAME = NowMovie;
			};
			name = Debug;
		};
		BAF3425A2513307300F51F4C /* Release */ = {
			isa = XCBuildConfiguration;
			baseConfigurationReference = D46410CA66952C26A0187477 /* Pods-NowMovie-NowMovieUITests.release.xcconfig */;
			buildSettings = {
				CLANG_ENABLE_MODULES = YES;
				CODE_SIGN_STYLE = Automatic;
				INFOPLIST_FILE = NowMovieUITests/Info.plist;
				IPHONEOS_DEPLOYMENT_TARGET = 13.7;
				LD_RUNPATH_SEARCH_PATHS = (
					"$(inherited)",
					"@executable_path/Frameworks",
					"@loader_path/Frameworks",
				);
				PRODUCT_BUNDLE_IDENTIFIER = nghiaTran2020.com.NowMovieUITests;
				PRODUCT_NAME = "$(TARGET_NAME)";
				SWIFT_VERSION = 5.0;
				TARGETED_DEVICE_FAMILY = "1,2";
				TEST_TARGET_NAME = NowMovie;
			};
			name = Release;
		};
/* End XCBuildConfiguration section */

/* Begin XCConfigurationList section */
		2C0BE1D9250E16CD000DEB73 /* Build configuration list for PBXProject "NowMovie" */ = {
			isa = XCConfigurationList;
			buildConfigurations = (
				2C0BE1F0250E16CF000DEB73 /* Debug */,
				2C0BE1F1250E16CF000DEB73 /* Release */,
			);
			defaultConfigurationIsVisible = 0;
			defaultConfigurationName = Release;
		};
		2C0BE1F2250E16CF000DEB73 /* Build configuration list for PBXNativeTarget "NowMovie" */ = {
			isa = XCConfigurationList;
			buildConfigurations = (
				2C0BE1F3250E16CF000DEB73 /* Debug */,
				2C0BE1F4250E16CF000DEB73 /* Release */,
			);
			defaultConfigurationIsVisible = 0;
			defaultConfigurationName = Release;
		};
		BA478B582588494A00294832 /* Build configuration list for PBXNativeTarget "NowMovieUnitTests" */ = {
			isa = XCConfigurationList;
			buildConfigurations = (
				BA478B592588494A00294832 /* Debug */,
				BA478B5A2588494A00294832 /* Release */,
			);
			defaultConfigurationIsVisible = 0;
			defaultConfigurationName = Release;
		};
		BAF342582513307300F51F4C /* Build configuration list for PBXNativeTarget "NowMovieUITests" */ = {
			isa = XCConfigurationList;
			buildConfigurations = (
				BAF342592513307300F51F4C /* Debug */,
				BAF3425A2513307300F51F4C /* Release */,
			);
			defaultConfigurationIsVisible = 0;
			defaultConfigurationName = Release;
		};
/* End XCConfigurationList section */
	};
	rootObject = 2C0BE1D6250E16CD000DEB73 /* Project object */;
}
